PODS:
  - Alamofire (4.0.1)
  - SnapKit (4.0.0)
  - SwiftyJSON (4.0.0)

DEPENDENCIES:
  - Alamofire (~> 4.0.0)
  - SnapKit (~> 4.0.0)
  - SwiftyJSON

SPEC REPOS:
  https://github.com/cocoapods/specs.git:
    - Alamofire
    - SnapKit
    - SwiftyJSON

SPEC CHECKSUMS:
  Alamofire: 7682d43245de14874acd142ec137b144aa1dd335
  SnapKit: a42d492c16e80209130a3379f73596c3454b7694
  SwiftyJSON: 070dabdcb1beb81b247c65ffa3a79dbbfb3b48aa

PODFILE CHECKSUM: 2a174c77766629179c4e8c72f580e18f88d2767b

COCOAPODS: 1.5.3
